
Microsoft Visual Studio Solution File, Format Version 12.00
# Visual Studio 15
VisualStudioVersion = 15.0.28307.329
MinimumVisualStudioVersion = 10.0.40219.1
Project("{9A19103F-16F7-4668-BE54-9A1E7A4F7556}") = "Lab11- Authorization", "AuthFull\Lab11- Authorization.csproj", "{94709916-1643-4161-AFC9-74E3F4C8DCC8}"
EndProject
Project("{9A19103F-16F7-4668-BE54-9A1E7A4F7556}") = "CoreConsoleClient", "ConsoleClient\CoreConsoleClient.csproj", "{A9983A2C-AFE4-4C40-97F3-C55E1540FCCB}"
EndProject
Global
	GlobalSection(SolutionConfigurationPlatforms) = preSolution
		Debug|Any CPU = Debug|Any CPU
		Release|Any CPU = Release|Any CPU
	EndGlobalSection
	GlobalSection(ProjectConfigurationPlatforms) = postSolution
		{94709916-1643-4161-AFC9-74E3F4C8DCC8}.Debug|Any CPU.ActiveCfg = Debug|Any CPU
		{94709916-1643-4161-AFC9-74E3F4C8DCC8}.Debug|Any CPU.Build.0 = Debug|Any CPU
		{94709916-1643-4161-AFC9-74E3F4C8DCC8}.Release|Any CPU.ActiveCfg = Release|Any CPU
		{94709916-1643-4161-AFC9-74E3F4C8DCC8}.Release|Any CPU.Build.0 = Release|Any CPU
		{A9983A2C-AFE4-4C40-97F3-C55E1540FCCB}.Debug|Any CPU.ActiveCfg = Debug|Any CPU
		{A9983A2C-AFE4-4C40-97F3-C55E1540FCCB}.Debug|Any CPU.Build.0 = Debug|Any CPU
		{A9983A2C-AFE4-4C40-97F3-C55E1540FCCB}.Release|Any CPU.ActiveCfg = Release|Any CPU
		{A9983A2C-AFE4-4C40-97F3-C55E1540FCCB}.Release|Any CPU.Build.0 = Release|Any CPU
	EndGlobalSection
	GlobalSection(SolutionProperties) = preSolution
		HideSolutionNode = FALSE
	EndGlobalSection
	GlobalSection(ExtensibilityGlobals) = postSolution
		SolutionGuid = {2C29B1BF-1C4A-4821-B0FC-9EDA2424CDD5}
	EndGlobalSection
EndGlobal
